// !$*UTF8*$!
{
	archiveVersion = 1;
	classes = {
	};
	objectVersion = 50;
	objects = {

/* Begin PBXBuildFile section */
		DD7326992B740CA400456E11 /* AppDelegate.swift in Sources */ = {isa = PBXBuildFile; fileRef = DD7326982B740CA400456E11 /* AppDelegate.swift */; };
		DD73269B2B740CA400456E11 /* SceneDelegate.swift in Sources */ = {isa = PBXBuildFile; fileRef = DD73269A2B740CA400456E11 /* SceneDelegate.swift */; };
		DD73269D2B740CA400456E11 /* ContentView.swift in Sources */ = {isa = PBXBuildFile; fileRef = DD73269C2B740CA400456E11 /* ContentView.swift */; };
		DD73269F2B740CA600456E11 /* Assets.xcassets in Resources */ = {isa = PBXBuildFile; fileRef = DD73269E2B740CA600456E11 /* Assets.xcassets */; };
		DD7326A22B740CA600456E11 /* Preview Assets.xcassets in Resources */ = {isa = PBXBuildFile; fileRef = DD7326A12B740CA600456E11 /* Preview Assets.xcassets */; };
		DD7326A52B740CA600456E11 /* LaunchScreen.storyboard in Resources */ = {isa = PBXBuildFile; fileRef = DD7326A32B740CA600456E11 /* LaunchScreen.storyboard */; };
		DD7326AF2B740CE600456E11 /* School.swift in Sources */ = {isa = PBXBuildFile; fileRef = DD7326AE2B740CE600456E11 /* School.swift */; };
		DD7326B42B740E0800456E11 /* SchoolViewModel.swift in Sources */ = {isa = PBXBuildFile; fileRef = DD7326B32B740E0800456E11 /* SchoolViewModel.swift */; };
		DD7326BA2B74103500456E11 /* SchoolDetailView.swift in Sources */ = {isa = PBXBuildFile; fileRef = DD7326B92B74103500456E11 /* SchoolDetailView.swift */; };
		DD7326C42B7412CD00456E11 /* PhotonTestTests.swift in Sources */ = {isa = PBXBuildFile; fileRef = DD7326C32B7412CD00456E11 /* PhotonTestTests.swift */; };
/* End PBXBuildFile section */

/* Begin PBXContainerItemProxy section */
		DD7326C62B7412CD00456E11 /* PBXContainerItemProxy */ = {
			isa = PBXContainerItemProxy;
			containerPortal = DD73268D2B740CA400456E11 /* Project object */;
			proxyType = 1;
			remoteGlobalIDString = DD7326942B740CA400456E11;
			remoteInfo = PhotonTest;
		};
/* End PBXContainerItemProxy section */

/* Begin PBXFileReference section */
		DD7326952B740CA400456E11 /* PhotonTest.app */ = {isa = PBXFileReference; explicitFileType = wrapper.application; includeInIndex = 0; path = PhotonTest.app; sourceTree = BUILT_PRODUCTS_DIR; };
		DD7326982B740CA400456E11 /* AppDelegate.swift */ = {isa = PBXFileReference; lastKnownFileType = sourcecode.swift; path = AppDelegate.swift; sourceTree = "<group>"; };
		DD73269A2B740CA400456E11 /* SceneDelegate.swift */ = {isa = PBXFileReference; lastKnownFileType = sourcecode.swift; path = SceneDelegate.swift; sourceTree = "<group>"; };
		DD73269C2B740CA400456E11 /* ContentView.swift */ = {isa = PBXFileReference; lastKnownFileType = sourcecode.swift; path = ContentView.swift; sourceTree = "<group>"; };
		DD73269E2B740CA600456E11 /* Assets.xcassets */ = {isa = PBXFileReference; lastKnownFileType = folder.assetcatalog; path = Assets.xcassets; sourceTree = "<group>"; };
		DD7326A12B740CA600456E11 /* Preview Assets.xcassets */ = {isa = PBXFileReference; lastKnownFileType = folder.assetcatalog; path = "Preview Assets.xcassets"; sourceTree = "<group>"; };
		DD7326A42B740CA600456E11 /* Base */ = {isa = PBXFileReference; lastKnownFileType = file.storyboard; name = Base; path = Base.lproj/LaunchScreen.storyboard; sourceTree = "<group>"; };
		DD7326A62B740CA600456E11 /* Info.plist */ = {isa = PBXFileReference; lastKnownFileType = text.plist.xml; path = Info.plist; sourceTree = "<group>"; };
		DD7326AE2B740CE600456E11 /* School.swift */ = {isa = PBXFileReference; lastKnownFileType = sourcecode.swift; path = School.swift; sourceTree = "<group>"; };
		DD7326B32B740E0800456E11 /* SchoolViewModel.swift */ = {isa = PBXFileReference; lastKnownFileType = sourcecode.swift; path = SchoolViewModel.swift; sourceTree = "<group>"; };
		DD7326B92B74103500456E11 /* SchoolDetailView.swift */ = {isa = PBXFileReference; lastKnownFileType = sourcecode.swift; path = SchoolDetailView.swift; sourceTree = "<group>"; };
		DD7326C12B7412CD00456E11 /* PhotonTestTests.xctest */ = {isa = PBXFileReference; explicitFileType = wrapper.cfbundle; includeInIndex = 0; path = PhotonTestTests.xctest; sourceTree = BUILT_PRODUCTS_DIR; };
		DD7326C32B7412CD00456E11 /* PhotonTestTests.swift */ = {isa = PBXFileReference; lastKnownFileType = sourcecode.swift; path = PhotonTestTests.swift; sourceTree = "<group>"; };
		DD7326C52B7412CD00456E11 /* Info.plist */ = {isa = PBXFileReference; lastKnownFileType = text.plist.xml; path = Info.plist; sourceTree = "<group>"; };
/* End PBXFileReference section */

/* Begin PBXFrameworksBuildPhase section */
		DD7326922B740CA400456E11 /* Frameworks */ = {
			isa = PBXFrameworksBuildPhase;
			buildActionMask = 2147483647;
			files = (
			);
			runOnlyForDeploymentPostprocessing = 0;
		};
		DD7326BE2B7412CD00456E11 /* Frameworks */ = {
			isa = PBXFrameworksBuildPhase;
			buildActionMask = 2147483647;
			files = (
			);
			runOnlyForDeploymentPostprocessing = 0;
		};
/* End PBXFrameworksBuildPhase section */

/* Begin PBXGroup section */
		DD73268C2B740CA400456E11 = {
			isa = PBXGroup;
			children = (
				DD7326972B740CA400456E11 /* PhotonTest */,
				DD7326C22B7412CD00456E11 /* PhotonTestTests */,
				DD7326962B740CA400456E11 /* Products */,
			);
			sourceTree = "<group>";
		};
		DD7326962B740CA400456E11 /* Products */ = {
			isa = PBXGroup;
			children = (
				DD7326952B740CA400456E11 /* PhotonTest.app */,
				DD7326C12B7412CD00456E11 /* PhotonTestTests.xctest */,
			);
			name = Products;
			sourceTree = "<group>";
		};
		DD7326972B740CA400456E11 /* PhotonTest */ = {
			isa = PBXGroup;
			children = (
				DD7326982B740CA400456E11 /* AppDelegate.swift */,
				DD73269A2B740CA400456E11 /* SceneDelegate.swift */,
				DD7326BC2B74127B00456E11 /* View */,
				DD7326B22B740DF000456E11 /* View Model */,
				DD7326AD2B740CD300456E11 /* Model */,
				DD73269E2B740CA600456E11 /* Assets.xcassets */,
				DD7326A32B740CA600456E11 /* LaunchScreen.storyboard */,
				DD7326A62B740CA600456E11 /* Info.plist */,
				DD7326A02B740CA600456E11 /* Preview Content */,
			);
			path = PhotonTest;
			sourceTree = "<group>";
		};
		DD7326A02B740CA600456E11 /* Preview Content */ = {
			isa = PBXGroup;
			children = (
				DD7326A12B740CA600456E11 /* Preview Assets.xcassets */,
			);
			path = "Preview Content";
			sourceTree = "<group>";
		};
		DD7326AD2B740CD300456E11 /* Model */ = {
			isa = PBXGroup;
			children = (
				DD7326AE2B740CE600456E11 /* School.swift */,
			);
			path = Model;
			sourceTree = "<group>";
		};
		DD7326B22B740DF000456E11 /* View Model */ = {
			isa = PBXGroup;
			children = (
				DD7326B32B740E0800456E11 /* SchoolViewModel.swift */,
			);
			path = "View Model";
			sourceTree = "<group>";
		};
		DD7326BC2B74127B00456E11 /* View */ = {
			isa = PBXGroup;
			children = (
				DD73269C2B740CA400456E11 /* ContentView.swift */,
				DD7326B92B74103500456E11 /* SchoolDetailView.swift */,
			);
			path = View;
			sourceTree = "<group>";
		};
		DD7326C22B7412CD00456E11 /* PhotonTestTests */ = {
			isa = PBXGroup;
			children = (
				DD7326C32B7412CD00456E11 /* PhotonTestTests.swift */,
				DD7326C52B7412CD00456E11 /* Info.plist */,
			);
			path = PhotonTestTests;
			sourceTree = "<group>";
		};
/* End PBXGroup section */

/* Begin PBXNativeTarget section */
		DD7326942B740CA400456E11 /* PhotonTest */ = {
			isa = PBXNativeTarget;
			buildConfigurationList = DD7326A92B740CA600456E11 /* Build configuration list for PBXNativeTarget "PhotonTest" */;
			buildPhases = (
				DD7326912B740CA400456E11 /* Sources */,
				DD7326922B740CA400456E11 /* Frameworks */,
				DD7326932B740CA400456E11 /* Resources */,
			);
			buildRules = (
			);
			dependencies = (
			);
			name = PhotonTest;
			productName = PhotonTest;
			productReference = DD7326952B740CA400456E11 /* PhotonTest.app */;
			productType = "com.apple.product-type.application";
		};
		DD7326C02B7412CD00456E11 /* PhotonTestTests */ = {
			isa = PBXNativeTarget;
			buildConfigurationList = DD7326C82B7412CD00456E11 /* Build configuration list for PBXNativeTarget "PhotonTestTests" */;
			buildPhases = (
				DD7326BD2B7412CD00456E11 /* Sources */,
				DD7326BE2B7412CD00456E11 /* Frameworks */,
				DD7326BF2B7412CD00456E11 /* Resources */,
			);
			buildRules = (
			);
			dependencies = (
				DD7326C72B7412CD00456E11 /* PBXTargetDependency */,
			);
			name = PhotonTestTests;
			productName = PhotonTestTests;
			productReference = DD7326C12B7412CD00456E11 /* PhotonTestTests.xctest */;
			productType = "com.apple.product-type.bundle.unit-test";
		};
/* End PBXNativeTarget section */

/* Begin PBXProject section */
		DD73268D2B740CA400456E11 /* Project object */ = {
			isa = PBXProject;
			attributes = {
				LastSwiftUpdateCheck = 1240;
				LastUpgradeCheck = 1240;
				TargetAttributes = {
					DD7326942B740CA400456E11 = {
						CreatedOnToolsVersion = 12.4;
					};
					DD7326C02B7412CD00456E11 = {
						CreatedOnToolsVersion = 12.4;
						TestTargetID = DD7326942B740CA400456E11;
					};
				};
			};
			buildConfigurationList = DD7326902B740CA400456E11 /* Build configuration list for PBXProject "PhotonTest" */;
			compatibilityVersion = "Xcode 9.3";
			developmentRegion = en;
			hasScannedForEncodings = 0;
			knownRegions = (
				en,
				Base,
			);
			mainGroup = DD73268C2B740CA400456E11;
			productRefGroup = DD7326962B740CA400456E11 /* Products */;
			projectDirPath = "";
			projectRoot = "";
			targets = (
				DD7326942B740CA400456E11 /* PhotonTest */,
				DD7326C02B7412CD00456E11 /* PhotonTestTests */,
			);
		};
/* End PBXProject section */

/* Begin PBXResourcesBuildPhase section */
		DD7326932B740CA400456E11 /* Resources */ = {
			isa = PBXResourcesBuildPhase;
			buildActionMask = 2147483647;
			files = (
				DD7326A52B740CA600456E11 /* LaunchScreen.storyboard in Resources */,
				DD7326A22B740CA600456E11 /* Preview Assets.xcassets in Resources */,
				DD73269F2B740CA600456E11 /* Assets.xcassets in Resources */,
			);
			runOnlyForDeploymentPostprocessing = 0;
		};
		DD7326BF2B7412CD00456E11 /* Resources */ = {
			isa = PBXResourcesBuildPhase;
			buildActionMask = 2147483647;
			files = (
			);
			runOnlyForDeploymentPostprocessing = 0;
		};
/* End PBXResourcesBuildPhase section */

/* Begin PBXSourcesBuildPhase section */
		DD7326912B740CA400456E11 /* Sources */ = {
			isa = PBXSourcesBuildPhase;
			buildActionMask = 2147483647;
			files = (
				DD7326992B740CA400456E11 /* AppDelegate.swift in Sources */,
				DD7326B42B740E0800456E11 /* SchoolViewModel.swift in Sources */,
				DD73269B2B740CA400456E11 /* SceneDelegate.swift in Sources */,
				DD73269D2B740CA400456E11 /* ContentView.swift in Sources */,
				DD7326AF2B740CE600456E11 /* School.swift in Sources */,
				DD7326BA2B74103500456E11 /* SchoolDetailView.swift in Sources */,
			);
			runOnlyForDeploymentPostprocessing = 0;
		};
		DD7326BD2B7412CD00456E11 /* Sources */ = {
			isa = PBXSourcesBuildPhase;
			buildActionMask = 2147483647;
			files = (
				DD7326C42B7412CD00456E11 /* PhotonTestTests.swift in Sources */,
			);
			runOnlyForDeploymentPostprocessing = 0;
		};
/* End PBXSourcesBuildPhase section */

/* Begin PBXTargetDependency section */
		DD7326C72B7412CD00456E11 /* PBXTargetDependency */ = {
			isa = PBXTargetDependency;
			target = DD7326942B740CA400456E11 /* PhotonTest */;
			targetProxy = DD7326C62B7412CD00456E11 /* PBXContainerItemProxy */;
		};
/* End PBXTargetDependency section */

/* Begin PBXVariantGroup section */
		DD7326A32B740CA600456E11 /* LaunchScreen.storyboard */ = {
			isa = PBXVariantGroup;
			children = (
				DD7326A42B740CA600456E11 /* Base */,
			);
			name = LaunchScreen.storyboard;
			sourceTree = "<group>";
		};
/* End PBXVariantGroup section */

/* Begin XCBuildConfiguration section */
		DD7326A72B740CA600456E11 /* Debug */ = {
			isa = XCBuildConfiguration;
			buildSettings = {
				ALWAYS_SEARCH_USER_PATHS = NO;
				CLANG_ANALYZER_NONNULL = YES;
				CLANG_ANALYZER_NUMBER_OBJECT_CONVERSION = YES_AGGRESSIVE;
				CLANG_CXX_LANGUAGE_STANDARD = "gnu++14";
				CLANG_CXX_LIBRARY = "libc++";
				CLANG_ENABLE_MODULES = YES;
				CLANG_ENABLE_OBJC_ARC = YES;
				CLANG_ENABLE_OBJC_WEAK = YES;
				CLANG_WARN_BLOCK_CAPTURE_AUTORELEASING = YES;
				CLANG_WARN_BOOL_CONVERSION = YES;
				CLANG_WARN_COMMA = YES;
				CLANG_WARN_CONSTANT_CONVERSION = YES;
				CLANG_WARN_DEPRECATED_OBJC_IMPLEMENTATIONS = YES;
				CLANG_WARN_DIRECT_OBJC_ISA_USAGE = YES_ERROR;
				CLANG_WARN_DOCUMENTATION_COMMENTS = YES;
				CLANG_WARN_EMPTY_BODY = YES;
				CLANG_WARN_ENUM_CONVERSION = YES;
				CLANG_WARN_INFINITE_RECURSION = YES;
				CLANG_WARN_INT_CONVERSION = YES;
				CLANG_WARN_NON_LITERAL_NULL_CONVERSION = YES;
				CLANG_WARN_OBJC_IMPLICIT_RETAIN_SELF = YES;
				CLANG_WARN_OBJC_LITERAL_CONVERSION = YES;
				CLANG_WARN_OBJC_ROOT_CLASS = YES_ERROR;
				CLANG_WARN_QUOTED_INCLUDE_IN_FRAMEWORK_HEADER = YES;
				CLANG_WARN_RANGE_LOOP_ANALYSIS = YES;
				CLANG_WARN_STRICT_PROTOTYPES = YES;
				CLANG_WARN_SUSPICIOUS_MOVE = YES;
				CLANG_WARN_UNGUARDED_AVAILABILITY = YES_AGGRESSIVE;
				CLANG_WARN_UNREACHABLE_CODE = YES;
				CLANG_WARN__DUPLICATE_METHOD_MATCH = YES;
				COPY_PHASE_STRIP = NO;
				DEBUG_INFORMATION_FORMAT = dwarf;
				ENABLE_STRICT_OBJC_MSGSEND = YES;
				ENABLE_TESTABILITY = YES;
				GCC_C_LANGUAGE_STANDARD = gnu11;
				GCC_DYNAMIC_NO_PIC = NO;
				GCC_NO_COMMON_BLOCKS = YES;
				GCC_OPTIMIZATION_LEVEL = 0;
				GCC_PREPROCESSOR_DEFINITIONS = (
					"DEBUG=1",
					"$(inherited)",
				);
				GCC_WARN_64_TO_32_BIT_CONVERSION = YES;
				GCC_WARN_ABOUT_RETURN_TYPE = YES_ERROR;
				GCC_WARN_UNDECLARED_SELECTOR = YES;
				GCC_WARN_UNINITIALIZED_AUTOS = YES_AGGRESSIVE;
				GCC_WARN_UNUSED_FUNCTION = YES;
				GCC_WARN_UNUSED_VARIABLE = YES;
				IPHONEOS_DEPLOYMENT_TARGET = 14.4;
				MTL_ENABLE_DEBUG_INFO = INCLUDE_SOURCE;
				MTL_FAST_MATH = YES;
				ONLY_ACTIVE_ARCH = YES;
				SDKROOT = iphoneos;
				SWIFT_ACTIVE_COMPILATION_CONDITIONS = DEBUG;
				SWIFT_OPTIMIZATION_LEVEL = "-Onone";
			};
			name = Debug;
		};
		DD7326A82B740CA600456E11 /* Release */ = {
			isa = XCBuildConfiguration;
			buildSettings = {
				ALWAYS_SEARCH_USER_PATHS = NO;
				CLANG_ANALYZER_NONNULL = YES;
				CLANG_ANALYZER_NUMBER_OBJECT_CONVERSION = YES_AGGRESSIVE;
				CLANG_CXX_LANGUAGE_STANDARD = "gnu++14";
				CLANG_CXX_LIBRARY = "libc++";
				CLANG_ENABLE_MODULES = YES;
				CLANG_ENABLE_OBJC_ARC = YES;
				CLANG_ENABLE_OBJC_WEAK = YES;
				CLANG_WARN_BLOCK_CAPTURE_AUTORELEASING = YES;
				CLANG_WARN_BOOL_CONVERSION = YES;
				CLANG_WARN_COMMA = YES;
				CLANG_WARN_CONSTANT_CONVERSION = YES;
				CLANG_WARN_DEPRECATED_OBJC_IMPLEMENTATIONS = YES;
				CLANG_WARN_DIRECT_OBJC_ISA_USAGE = YES_ERROR;
				CLANG_WARN_DOCUMENTATION_COMMENTS = YES;
				CLANG_WARN_EMPTY_BODY = YES;
				CLANG_WARN_ENUM_CONVERSION = YES;
				CLANG_WARN_INFINITE_RECURSION = YES;
				CLANG_WARN_INT_CONVERSION = YES;
				CLANG_WARN_NON_LITERAL_NULL_CONVERSION = YES;
				CLANG_WARN_OBJC_IMPLICIT_RETAIN_SELF = YES;
				CLANG_WARN_OBJC_LITERAL_CONVERSION = YES;
				CLANG_WARN_OBJC_ROOT_CLASS = YES_ERROR;
				CLANG_WARN_QUOTED_INCLUDE_IN_FRAMEWORK_HEADER = YES;
				CLANG_WARN_RANGE_LOOP_ANALYSIS = YES;
				CLANG_WARN_STRICT_PROTOTYPES = YES;
				CLANG_WARN_SUSPICIOUS_MOVE = YES;
				CLANG_WARN_UNGUARDED_AVAILABILITY = YES_AGGRESSIVE;
				CLANG_WARN_UNREACHABLE_CODE = YES;
				CLANG_WARN__DUPLICATE_METHOD_MATCH = YES;
				COPY_PHASE_STRIP = NO;
				DEBUG_INFORMATION_FORMAT = "dwarf-with-dsym";
				ENABLE_NS_ASSERTIONS = NO;
				ENABLE_STRICT_OBJC_MSGSEND = YES;
				GCC_C_LANGUAGE_STANDARD = gnu11;
				GCC_NO_COMMON_BLOCKS = YES;
				GCC_WARN_64_TO_32_BIT_CONVERSION = YES;
				GCC_WARN_ABOUT_RETURN_TYPE = YES_ERROR;
				GCC_WARN_UNDECLARED_SELECTOR = YES;
				GCC_WARN_UNINITIALIZED_AUTOS = YES_AGGRESSIVE;
				GCC_WARN_UNUSED_FUNCTION = YES;
				GCC_WARN_UNUSED_VARIABLE = YES;
				IPHONEOS_DEPLOYMENT_TARGET = 14.4;
				MTL_ENABLE_DEBUG_INFO = NO;
				MTL_FAST_MATH = YES;
				SDKROOT = iphoneos;
				SWIFT_COMPILATION_MODE = wholemodule;
				SWIFT_OPTIMIZATION_LEVEL = "-O";
				VALIDATE_PRODUCT = YES;
			};
			name = Release;
		};
		DD7326AA2B740CA600456E11 /* Debug */ = {
			isa = XCBuildConfiguration;
			buildSettings = {
				ASSETCATALOG_COMPILER_APPICON_NAME = AppIcon;
				ASSETCATALOG_COMPILER_GLOBAL_ACCENT_COLOR_NAME = AccentColor;
				CODE_SIGN_STYLE = Automatic;
				DEVELOPMENT_ASSET_PATHS = "\"PhotonTest/Preview Content\"";
				ENABLE_PREVIEWS = YES;
				INFOPLIST_FILE = PhotonTest/Info.plist;
				LD_RUNPATH_SEARCH_PATHS = (
					"$(inherited)",
					"@executable_path/Frameworks",
				);
				PRODUCT_BUNDLE_IDENTIFIER = com.swiftUIDemo.PhotonTest;
				PRODUCT_NAME = "$(TARGET_NAME)";
				SWIFT_VERSION = 5.0;
				TARGETED_DEVICE_FAMILY = "1,2";
			};
			name = Debug;
		};
		DD7326AB2B740CA600456E11 /* Release */ = {
			isa = XCBuildConfiguration;
			buildSettings = {
				ASSETCATALOG_COMPILER_APPICON_NAME = AppIcon;
				ASSETCATALOG_COMPILER_GLOBAL_ACCENT_COLOR_NAME = AccentColor;
				CODE_SIGN_STYLE = Automatic;
				DEVELOPMENT_ASSET_PATHS = "\"PhotonTest/Preview Content\"";
				ENABLE_PREVIEWS = YES;
				INFOPLIST_FILE = PhotonTest/Info.plist;
				LD_RUNPATH_SEARCH_PATHS = (
					"$(inherited)",
					"@executable_path/Frameworks",
				);
				PRODUCT_BUNDLE_IDENTIFIER = com.swiftUIDemo.PhotonTest;
				PRODUCT_NAME = "$(TARGET_NAME)";
				SWIFT_VERSION = 5.0;
				TARGETED_DEVICE_FAMILY = "1,2";
			};
			name = Release;
		};
		DD7326C92B7412CD00456E11 /* Debug */ = {
			isa = XCBuildConfiguration;
			buildSettings = {
				BUNDLE_LOADER = "$(TEST_HOST)";
				CODE_SIGN_STYLE = Automatic;
				INFOPLIST_FILE = PhotonTestTests/Info.plist;
				LD_RUNPATH_SEARCH_PATHS = (
					"$(inherited)",
					"@executable_path/Frameworks",
					"@loader_path/Frameworks",
				);
				PRODUCT_BUNDLE_IDENTIFIER = com.swiftUIDemo.PhotonTestTests;
				PRODUCT_NAME = "$(TARGET_NAME)";
				SWIFT_VERSION = 5.0;
				TARGETED_DEVICE_FAMILY = "1,2";
				TEST_HOST = "$(BUILT_PRODUCTS_DIR)/PhotonTest.app/PhotonTest";
			};
			name = Debug;
		};
		DD7326CA2B7412CD00456E11 /* Release */ = {
			isa = XCBuildConfiguration;
			buildSettings = {
				BUNDLE_LOADER = "$(TEST_HOST)";
				CODE_SIGN_STYLE = Automatic;
				INFOPLIST_FILE = PhotonTestTests/Info.plist;
				LD_RUNPATH_SEARCH_PATHS = (
					"$(inherited)",
					"@executable_path/Frameworks",
					"@loader_path/Frameworks",
				);
				PRODUCT_BUNDLE_IDENTIFIER = com.swiftUIDemo.PhotonTestTests;
				PRODUCT_NAME = "$(TARGET_NAME)";
				SWIFT_VERSION = 5.0;
				TARGETED_DEVICE_FAMILY = "1,2";
				TEST_HOST = "$(BUILT_PRODUCTS_DIR)/PhotonTest.app/PhotonTest";
			};
			name = Release;
		};
/* End XCBuildConfiguration section */

/* Begin XCConfigurationList section */
		DD7326902B740CA400456E11 /* Build configuration list for PBXProject "PhotonTest" */ = {
			isa = XCConfigurationList;
			buildConfigurations = (
				DD7326A72B740CA600456E11 /* Debug */,
				DD7326A82B740CA600456E11 /* Release */,
			);
			defaultConfigurationIsVisible = 0;
			defaultConfigurationName = Release;
		};
		DD7326A92B740CA600456E11 /* Build configuration list for PBXNativeTarget "PhotonTest" */ = {
			isa = XCConfigurationList;
			buildConfigurations = (
				DD7326AA2B740CA600456E11 /* Debug */,
				DD7326AB2B740CA600456E11 /* Release */,
			);
			defaultConfigurationIsVisible = 0;
			defaultConfigurationName = Release;
		};
		DD7326C82B7412CD00456E11 /* Build configuration list for PBXNativeTarget "PhotonTestTests" */ = {
			isa = XCConfigurationList;
			buildConfigurations = (
				DD7326C92B7412CD00456E11 /* Debug */,
				DD7326CA2B7412CD00456E11 /* Release */,
			);
			defaultConfigurationIsVisible = 0;
			defaultConfigurationName = Release;
		};
/* End XCConfigurationList section */
	};
	rootObject = DD73268D2B740CA400456E11 /* Project object */;
}
